
Microsoft Visual Studio Solution File, Format Version 12.00
# Visual Studio Version 16
VisualStudioVersion = 16.0.29102.190
MinimumVisualStudioVersion = 10.0.40219.1
Project("{FAE04EC0-301F-11D3-BF4B-00C04F79EFBC}") = "BoundryImporter", "..\Importers\BoundryImporter\BoundryImporter.csproj", "{FD4F9DC7-5B06-4814-8B3B-DE4C363B3A94}"
EndProject
Project("{FAE04EC0-301F-11D3-BF4B-00C04F79EFBC}") = "Importers.DataLayer", "..\Importers\Importers.Datalayer2\Importers.DataLayer.csproj", "{2D4AFA4A-D222-438B-B345-258B6982C2C5}"
EndProject
Project("{FAE04EC0-301F-11D3-BF4B-00C04F79EFBC}") = "Importers.DataLayer.UnitTests", "..\Importers\Importers.DataLayer2.UnitTests\Importers.DataLayer.UnitTests.csproj", "{51314778-8DA2-4593-A2DC-27668CD4E60B}"
EndProject
Project("{2150E333-8FDC-42A3-9474-1A3956D46DE8}") = "Importers", "Importers", "{A039D9DB-51CD-4CAE-9DE0-73B5B92F5F32}"
EndProject
Project("{FAE04EC0-301F-11D3-BF4B-00C04F79EFBC}") = "LcboImporter", "..\Importers\LcboImporter\LcboImporter.csproj", "{FC4192E9-BB45-4FC8-A445-36B24A7C3275}"
EndProject
Project("{FAE04EC0-301F-11D3-BF4B-00C04F79EFBC}") = "PopulationImporter", "..\Importers\PopulationImporter\PopulationImporter.csproj", "{62C475DB-D3FF-4977-8260-EDCF247CC353}"
EndProject
Project("{2150E333-8FDC-42A3-9474-1A3956D46DE8}") = "WebApp", "WebApp", "{53539589-22D7-4BD9-A341-410654A3AA8F}"
EndProject
Project("{FAE04EC0-301F-11D3-BF4B-00C04F79EFBC}") = "SpuriousApi", "..\Spurious\SpuriousApi\SpuriousApi.csproj", "{143DC28D-FCD8-438B-98A7-58621D44705F}"
EndProject
Project("{FAE04EC0-301F-11D3-BF4B-00C04F79EFBC}") = "SpuriousApi.FunctionalTests", "..\Spurious\SpuriousApi.FunctionalTests\SpuriousApi.FunctionalTests.csproj", "{1B96EB84-BB93-4D93-8CE3-4486FC4A7093}"
EndProject
Global
	GlobalSection(SolutionConfigurationPlatforms) = preSolution
		Debug|Any CPU = Debug|Any CPU
		Release|Any CPU = Release|Any CPU
	EndGlobalSection
	GlobalSection(ProjectConfigurationPlatforms) = postSolution
		{FD4F9DC7-5B06-4814-8B3B-DE4C363B3A94}.Debug|Any CPU.ActiveCfg = Debug|Any CPU
		{FD4F9DC7-5B06-4814-8B3B-DE4C363B3A94}.Debug|Any CPU.Build.0 = Debug|Any CPU
		{FD4F9DC7-5B06-4814-8B3B-DE4C363B3A94}.Release|Any CPU.ActiveCfg = Release|Any CPU
		{FD4F9DC7-5B06-4814-8B3B-DE4C363B3A94}.Release|Any CPU.Build.0 = Release|Any CPU
		{2D4AFA4A-D222-438B-B345-258B6982C2C5}.Debug|Any CPU.ActiveCfg = Debug|Any CPU
		{2D4AFA4A-D222-438B-B345-258B6982C2C5}.Debug|Any CPU.Build.0 = Debug|Any CPU
		{2D4AFA4A-D222-438B-B345-258B6982C2C5}.Release|Any CPU.ActiveCfg = Release|Any CPU
		{2D4AFA4A-D222-438B-B345-258B6982C2C5}.Release|Any CPU.Build.0 = Release|Any CPU
		{51314778-8DA2-4593-A2DC-27668CD4E60B}.Debug|Any CPU.ActiveCfg = Debug|Any CPU
		{51314778-8DA2-4593-A2DC-27668CD4E60B}.Debug|Any CPU.Build.0 = Debug|Any CPU
		{51314778-8DA2-4593-A2DC-27668CD4E60B}.Release|Any CPU.ActiveCfg = Release|Any CPU
		{51314778-8DA2-4593-A2DC-27668CD4E60B}.Release|Any CPU.Build.0 = Release|Any CPU
		{FC4192E9-BB45-4FC8-A445-36B24A7C3275}.Debug|Any CPU.ActiveCfg = Debug|Any CPU
		{FC4192E9-BB45-4FC8-A445-36B24A7C3275}.Debug|Any CPU.Build.0 = Debug|Any CPU
		{FC4192E9-BB45-4FC8-A445-36B24A7C3275}.Release|Any CPU.ActiveCfg = Release|Any CPU
		{FC4192E9-BB45-4FC8-A445-36B24A7C3275}.Release|Any CPU.Build.0 = Release|Any CPU
		{62C475DB-D3FF-4977-8260-EDCF247CC353}.Debug|Any CPU.ActiveCfg = Debug|Any CPU
		{62C475DB-D3FF-4977-8260-EDCF247CC353}.Debug|Any CPU.Build.0 = Debug|Any CPU
		{62C475DB-D3FF-4977-8260-EDCF247CC353}.Release|Any CPU.ActiveCfg = Release|Any CPU
		{62C475DB-D3FF-4977-8260-EDCF247CC353}.Release|Any CPU.Build.0 = Release|Any CPU
		{143DC28D-FCD8-438B-98A7-58621D44705F}.Debug|Any CPU.ActiveCfg = Debug|Any CPU
		{143DC28D-FCD8-438B-98A7-58621D44705F}.Debug|Any CPU.Build.0 = Debug|Any CPU
		{143DC28D-FCD8-438B-98A7-58621D44705F}.Release|Any CPU.ActiveCfg = Release|Any CPU
		{143DC28D-FCD8-438B-98A7-58621D44705F}.Release|Any CPU.Build.0 = Release|Any CPU
		{1B96EB84-BB93-4D93-8CE3-4486FC4A7093}.Debug|Any CPU.ActiveCfg = Debug|Any CPU
		{1B96EB84-BB93-4D93-8CE3-4486FC4A7093}.Debug|Any CPU.Build.0 = Debug|Any CPU
		{1B96EB84-BB93-4D93-8CE3-4486FC4A7093}.Release|Any CPU.ActiveCfg = Release|Any CPU
		{1B96EB84-BB93-4D93-8CE3-4486FC4A7093}.Release|Any CPU.Build.0 = Release|Any CPU
	EndGlobalSection
	GlobalSection(SolutionProperties) = preSolution
		HideSolutionNode = FALSE
	EndGlobalSection
	GlobalSection(NestedProjects) = preSolution
		{FD4F9DC7-5B06-4814-8B3B-DE4C363B3A94} = {A039D9DB-51CD-4CAE-9DE0-73B5B92F5F32}
		{2D4AFA4A-D222-438B-B345-258B6982C2C5} = {A039D9DB-51CD-4CAE-9DE0-73B5B92F5F32}
		{51314778-8DA2-4593-A2DC-27668CD4E60B} = {A039D9DB-51CD-4CAE-9DE0-73B5B92F5F32}
		{FC4192E9-BB45-4FC8-A445-36B24A7C3275} = {A039D9DB-51CD-4CAE-9DE0-73B5B92F5F32}
		{62C475DB-D3FF-4977-8260-EDCF247CC353} = {A039D9DB-51CD-4CAE-9DE0-73B5B92F5F32}
		{143DC28D-FCD8-438B-98A7-58621D44705F} = {53539589-22D7-4BD9-A341-410654A3AA8F}
		{1B96EB84-BB93-4D93-8CE3-4486FC4A7093} = {53539589-22D7-4BD9-A341-410654A3AA8F}
	EndGlobalSection
	GlobalSection(ExtensibilityGlobals) = postSolution
		SolutionGuid = {9B262511-17B6-4844-B137-712850167841}
	EndGlobalSection
EndGlobal
