
Microsoft Visual Studio Solution File, Format Version 12.00
# Visual Studio 14
VisualStudioVersion = 14.0.23107.0
MinimumVisualStudioVersion = 10.0.40219.1
Project("{FAE04EC0-301F-11D3-BF4B-00C04F79EFBC}") = "SpuriousApi", "SpuriousApi\SpuriousApi.csproj", "{143DC28D-FCD8-438B-98A7-58621D44705F}"
EndProject
Project("{FAE04EC0-301F-11D3-BF4B-00C04F79EFBC}") = "SpuriousApi.FunctionalTests", "SpuriousApi.FunctionalTests\SpuriousApi.FunctionalTests.csproj", "{1B96EB84-BB93-4D93-8CE3-4486FC4A7093}"
EndProject
Project("{2150E333-8FDC-42A3-9474-1A3956D46DE8}") = "Solution Items", "Solution Items", "{E5A503AA-0F1E-4877-A8B1-7A9670AD3AE2}"
	ProjectSection(SolutionItems) = preProject
		..\pgsetup.sh = ..\pgsetup.sh
	EndProjectSection
EndProject
Global
	GlobalSection(SolutionConfigurationPlatforms) = preSolution
		Debug|Any CPU = Debug|Any CPU
		Debug|ARM = Debug|ARM
		Debug|Mixed Platforms = Debug|Mixed Platforms
		Debug|x64 = Debug|x64
		Debug|x86 = Debug|x86
		Release|Any CPU = Release|Any CPU
		Release|ARM = Release|ARM
		Release|Mixed Platforms = Release|Mixed Platforms
		Release|x64 = Release|x64
		Release|x86 = Release|x86
	EndGlobalSection
	GlobalSection(ProjectConfigurationPlatforms) = postSolution
		{143DC28D-FCD8-438B-98A7-58621D44705F}.Debug|Any CPU.ActiveCfg = Debug|Any CPU
		{143DC28D-FCD8-438B-98A7-58621D44705F}.Debug|Any CPU.Build.0 = Debug|Any CPU
		{143DC28D-FCD8-438B-98A7-58621D44705F}.Debug|ARM.ActiveCfg = Debug|Any CPU
		{143DC28D-FCD8-438B-98A7-58621D44705F}.Debug|Mixed Platforms.ActiveCfg = Debug|Any CPU
		{143DC28D-FCD8-438B-98A7-58621D44705F}.Debug|Mixed Platforms.Build.0 = Debug|Any CPU
		{143DC28D-FCD8-438B-98A7-58621D44705F}.Debug|x64.ActiveCfg = Debug|Any CPU
		{143DC28D-FCD8-438B-98A7-58621D44705F}.Debug|x86.ActiveCfg = Debug|Any CPU
		{143DC28D-FCD8-438B-98A7-58621D44705F}.Release|Any CPU.ActiveCfg = Release|Any CPU
		{143DC28D-FCD8-438B-98A7-58621D44705F}.Release|Any CPU.Build.0 = Release|Any CPU
		{143DC28D-FCD8-438B-98A7-58621D44705F}.Release|ARM.ActiveCfg = Release|Any CPU
		{143DC28D-FCD8-438B-98A7-58621D44705F}.Release|Mixed Platforms.ActiveCfg = Release|Any CPU
		{143DC28D-FCD8-438B-98A7-58621D44705F}.Release|Mixed Platforms.Build.0 = Release|Any CPU
		{143DC28D-FCD8-438B-98A7-58621D44705F}.Release|x64.ActiveCfg = Release|Any CPU
		{143DC28D-FCD8-438B-98A7-58621D44705F}.Release|x86.ActiveCfg = Release|Any CPU
		{1B96EB84-BB93-4D93-8CE3-4486FC4A7093}.Debug|Any CPU.ActiveCfg = Debug|Any CPU
		{1B96EB84-BB93-4D93-8CE3-4486FC4A7093}.Debug|Any CPU.Build.0 = Debug|Any CPU
		{1B96EB84-BB93-4D93-8CE3-4486FC4A7093}.Debug|ARM.ActiveCfg = Debug|Any CPU
		{1B96EB84-BB93-4D93-8CE3-4486FC4A7093}.Debug|Mixed Platforms.ActiveCfg = Debug|Any CPU
		{1B96EB84-BB93-4D93-8CE3-4486FC4A7093}.Debug|Mixed Platforms.Build.0 = Debug|Any CPU
		{1B96EB84-BB93-4D93-8CE3-4486FC4A7093}.Debug|x64.ActiveCfg = Debug|Any CPU
		{1B96EB84-BB93-4D93-8CE3-4486FC4A7093}.Debug|x86.ActiveCfg = Debug|Any CPU
		{1B96EB84-BB93-4D93-8CE3-4486FC4A7093}.Release|Any CPU.ActiveCfg = Release|Any CPU
		{1B96EB84-BB93-4D93-8CE3-4486FC4A7093}.Release|Any CPU.Build.0 = Release|Any CPU
		{1B96EB84-BB93-4D93-8CE3-4486FC4A7093}.Release|ARM.ActiveCfg = Release|Any CPU
		{1B96EB84-BB93-4D93-8CE3-4486FC4A7093}.Release|Mixed Platforms.ActiveCfg = Release|Any CPU
		{1B96EB84-BB93-4D93-8CE3-4486FC4A7093}.Release|Mixed Platforms.Build.0 = Release|Any CPU
		{1B96EB84-BB93-4D93-8CE3-4486FC4A7093}.Release|x64.ActiveCfg = Release|Any CPU
		{1B96EB84-BB93-4D93-8CE3-4486FC4A7093}.Release|x86.ActiveCfg = Release|Any CPU
	EndGlobalSection
	GlobalSection(SolutionProperties) = preSolution
		HideSolutionNode = FALSE
	EndGlobalSection
EndGlobal
